PODS:
  - Kingfisher (7.10.1)
  - RxSwift (5.1.3)
  - SnapKit (5.6.0)
  - SwiftLint (0.54.0)

DEPENDENCIES:
  - Kingfisher
  - RxSwift (~> 5.1.0)
  - SnapKit
  - SwiftLint

SPEC REPOS:
  trunk:
    - Kingfisher
    - RxSwift
    - SnapKit
    - SwiftLint

SPEC CHECKSUMS:
  Kingfisher: bc5abe80a8e0144537ef1dd5a0b2621b04f7f439
  RxSwift: 915abbdfb62214aa89ccd0b194d44fb478019b27
  SnapKit: e01d52ebb8ddbc333eefe2132acf85c8227d9c25
  SwiftLint: c1de071d9d08c8aba837545f6254315bc900e211

PODFILE CHECKSUM: e0420fc5685ededdcf74f35f276e6d0f2a00076f

COCOAPODS: 1.14.3
